// !$*UTF8*$!
{
	archiveVersion = 1;
	classes = {
	};
	objectVersion = 46;
	objects = {

/* Begin PBXBuildFile section */
		607693B2176C12BA004C2323 /* UIKit.framework in Frameworks */ = {isa = PBXBuildFile; fileRef = 607693B1176C12BA004C2323 /* UIKit.framework */; };
		607693B4176C12BA004C2323 /* Foundation.framework in Frameworks */ = {isa = PBXBuildFile; fileRef = 607693B3176C12BA004C2323 /* Foundation.framework */; };
		607693B6176C12BA004C2323 /* CoreGraphics.framework in Frameworks */ = {isa = PBXBuildFile; fileRef = 607693B5176C12BA004C2323 /* CoreGraphics.framework */; };
		607693BC176C12BB004C2323 /* InfoPlist.strings in Resources */ = {isa = PBXBuildFile; fileRef = 607693BA176C12BB004C2323 /* InfoPlist.strings */; };
		607693BE176C12BB004C2323 /* main.m in Sources */ = {isa = PBXBuildFile; fileRef = 607693BD176C12BB004C2323 /* main.m */; };
		607693C2176C12BB004C2323 /* AppDelegate.m in Sources */ = {isa = PBXBuildFile; fileRef = 607693C1176C12BB004C2323 /* AppDelegate.m */; };
		607693C4176C12BB004C2323 /* Default.png in Resources */ = {isa = PBXBuildFile; fileRef = 607693C3176C12BB004C2323 /* Default.png */; };
		607693C6176C12BB004C2323 /* Default@2x.png in Resources */ = {isa = PBXBuildFile; fileRef = 607693C5176C12BB004C2323 /* Default@2x.png */; };
		607693C8176C12BB004C2323 /* Default-568h@2x.png in Resources */ = {isa = PBXBuildFile; fileRef = 607693C7176C12BB004C2323 /* Default-568h@2x.png */; };
		607693CB176C12BB004C2323 /* ViewController.m in Sources */ = {isa = PBXBuildFile; fileRef = 607693CA176C12BB004C2323 /* ViewController.m */; };
		607693CE176C12BB004C2323 /* ViewController.xib in Resources */ = {isa = PBXBuildFile; fileRef = 607693CC176C12BB004C2323 /* ViewController.xib */; };
/* End PBXBuildFile section */

/* Begin PBXFileReference section */
		607693AE176C12BA004C2323 /* YourWeibo.app */ = {isa = PBXFileReference; explicitFileType = wrapper.application; includeInIndex = 0; path = YourWeibo.app; sourceTree = BUILT_PRODUCTS_DIR; };
		607693B1176C12BA004C2323 /* UIKit.framework */ = {isa = PBXFileReference; lastKnownFileType = wrapper.framework; name = UIKit.framework; path = System/Library/Frameworks/UIKit.framework; sourceTree = SDKROOT; };
		607693B3176C12BA004C2323 /* Foundation.framework */ = {isa = PBXFileReference; lastKnownFileType = wrapper.framework; name = Foundation.framework; path = System/Library/Frameworks/Foundation.framework; sourceTree = SDKROOT; };
		607693B5176C12BA004C2323 /* CoreGraphics.framework */ = {isa = PBXFileReference; lastKnownFileType = wrapper.framework; name = CoreGraphics.framework; path = System/Library/Frameworks/CoreGraphics.framework; sourceTree = SDKROOT; };
		607693B9176C12BA004C2323 /* YourWeibo-Info.plist */ = {isa = PBXFileReference; lastKnownFileType = text.plist.xml; path = "YourWeibo-Info.plist"; sourceTree = "<group>"; };
		607693BB176C12BB004C2323 /* en */ = {isa = PBXFileReference; lastKnownFileType = text.plist.strings; name = en; path = en.lproj/InfoPlist.strings; sourceTree = "<group>"; };
		607693BD176C12BB004C2323 /* main.m */ = {isa = PBXFileReference; lastKnownFileType = sourcecode.c.objc; path = main.m; sourceTree = "<group>"; };
		607693BF176C12BB004C2323 /* YourWeibo-Prefix.pch */ = {isa = PBXFileReference; lastKnownFileType = sourcecode.c.h; path = "YourWeibo-Prefix.pch"; sourceTree = "<group>"; };
		607693C0176C12BB004C2323 /* AppDelegate.h */ = {isa = PBXFileReference; lastKnownFileType = sourcecode.c.h; path = AppDelegate.h; sourceTree = "<group>"; };
		607693C1176C12BB004C2323 /* AppDelegate.m */ = {isa = PBXFileReference; lastKnownFileType = sourcecode.c.objc; path = AppDelegate.m; sourceTree = "<group>"; };
		607693C3176C12BB004C2323 /* Default.png */ = {isa = PBXFileReference; lastKnownFileType = image.png; path = Default.png; sourceTree = "<group>"; };
		607693C5176C12BB004C2323 /* Default@2x.png */ = {isa = PBXFileReference; lastKnownFileType = image.png; path = "Default@2x.png"; sourceTree = "<group>"; };
		607693C7176C12BB004C2323 /* Default-568h@2x.png */ = {isa = PBXFileReference; lastKnownFileType = image.png; path = "Default-568h@2x.png"; sourceTree = "<group>"; };
		607693C9176C12BB004C2323 /* ViewController.h */ = {isa = PBXFileReference; lastKnownFileType = sourcecode.c.h; path = ViewController.h; sourceTree = "<group>"; };
		607693CA176C12BB004C2323 /* ViewController.m */ = {isa = PBXFileReference; lastKnownFileType = sourcecode.c.objc; path = ViewController.m; sourceTree = "<group>"; };
		607693CD176C12BB004C2323 /* en */ = {isa = PBXFileReference; lastKnownFileType = file.xib; name = en; path = en.lproj/ViewController.xib; sourceTree = "<group>"; };
/* End PBXFileReference section */

/* Begin PBXFrameworksBuildPhase section */
		607693AB176C12BA004C2323 /* Frameworks */ = {
			isa = PBXFrameworksBuildPhase;
			buildActionMask = 2147483647;
			files = (
				607693B2176C12BA004C2323 /* UIKit.framework in Frameworks */,
				607693B4176C12BA004C2323 /* Foundation.framework in Frameworks */,
				607693B6176C12BA004C2323 /* CoreGraphics.framework in Frameworks */,
			);
			runOnlyForDeploymentPostprocessing = 0;
		};
/* End PBXFrameworksBuildPhase section */

/* Begin PBXGroup section */
		607693A5176C12BA004C2323 = {
			isa = PBXGroup;
			children = (
				607693B7176C12BA004C2323 /* YourWeibo */,
				607693B0176C12BA004C2323 /* Frameworks */,
				607693AF176C12BA004C2323 /* Products */,
			);
			sourceTree = "<group>";
		};
		607693AF176C12BA004C2323 /* Products */ = {
			isa = PBXGroup;
			children = (
				607693AE176C12BA004C2323 /* YourWeibo.app */,
			);
			name = Products;
			sourceTree = "<group>";
		};
		607693B0176C12BA004C2323 /* Frameworks */ = {
			isa = PBXGroup;
			children = (
				607693B1176C12BA004C2323 /* UIKit.framework */,
				607693B3176C12BA004C2323 /* Foundation.framework */,
				607693B5176C12BA004C2323 /* CoreGraphics.framework */,
			);
			name = Frameworks;
			sourceTree = "<group>";
		};
		607693B7176C12BA004C2323 /* YourWeibo */ = {
			isa = PBXGroup;
			children = (
				607693C0176C12BB004C2323 /* AppDelegate.h */,
				607693C1176C12BB004C2323 /* AppDelegate.m */,
				607693C9176C12BB004C2323 /* ViewController.h */,
				607693CA176C12BB004C2323 /* ViewController.m */,
				607693CC176C12BB004C2323 /* ViewController.xib */,
				607693B8176C12BA004C2323 /* Supporting Files */,
			);
			path = YourWeibo;
			sourceTree = "<group>";
		};
		607693B8176C12BA004C2323 /* Supporting Files */ = {
			isa = PBXGroup;
			children = (
				607693B9176C12BA004C2323 /* YourWeibo-Info.plist */,
				607693BA176C12BB004C2323 /* InfoPlist.strings */,
				607693BD176C12BB004C2323 /* main.m */,
				607693BF176C12BB004C2323 /* YourWeibo-Prefix.pch */,
				607693C3176C12BB004C2323 /* Default.png */,
				607693C5176C12BB004C2323 /* Default@2x.png */,
				607693C7176C12BB004C2323 /* Default-568h@2x.png */,
			);
			name = "Supporting Files";
			sourceTree = "<group>";
		};
/* End PBXGroup section */

/* Begin PBXNativeTarget section */
		607693AD176C12BA004C2323 /* YourWeibo */ = {
			isa = PBXNativeTarget;
			buildConfigurationList = 607693D1176C12BB004C2323 /* Build configuration list for PBXNativeTarget "YourWeibo" */;
			buildPhases = (
				607693AA176C12BA004C2323 /* Sources */,
				607693AB176C12BA004C2323 /* Frameworks */,
				607693AC176C12BA004C2323 /* Resources */,
			);
			buildRules = (
			);
			dependencies = (
			);
			name = YourWeibo;
			productName = YourWeibo;
			productReference = 607693AE176C12BA004C2323 /* YourWeibo.app */;
			productType = "com.apple.product-type.application";
		};
/* End PBXNativeTarget section */

/* Begin PBXProject section */
		607693A6176C12BA004C2323 /* Project object */ = {
			isa = PBXProject;
			attributes = {
				LastUpgradeCheck = 0460;
				ORGANIZATIONNAME = nekle;
			};
			buildConfigurationList = 607693A9176C12BA004C2323 /* Build configuration list for PBXProject "YourWeibo" */;
			compatibilityVersion = "Xcode 3.2";
			developmentRegion = English;
			hasScannedForEncodings = 0;
			knownRegions = (
				en,
			);
			mainGroup = 607693A5176C12BA004C2323;
			productRefGroup = 607693AF176C12BA004C2323 /* Products */;
			projectDirPath = "";
			projectRoot = "";
			targets = (
				607693AD176C12BA004C2323 /* YourWeibo */,
			);
		};
/* End PBXProject section */

/* Begin PBXResourcesBuildPhase section */
		607693AC176C12BA004C2323 /* Resources */ = {
			isa = PBXResourcesBuildPhase;
			buildActionMask = 2147483647;
			files = (
				607693BC176C12BB004C2323 /* InfoPlist.strings in Resources */,
				607693C4176C12BB004C2323 /* Default.png in Resources */,
				607693C6176C12BB004C2323 /* Default@2x.png in Resources */,
				607693C8176C12BB004C2323 /* Default-568h@2x.png in Resources */,
				607693CE176C12BB004C2323 /* ViewController.xib in Resources */,
			);
			runOnlyForDeploymentPostprocessing = 0;
		};
/* End PBXResourcesBuildPhase section */

/* Begin PBXSourcesBuildPhase section */
		607693AA176C12BA004C2323 /* Sources */ = {
			isa = PBXSourcesBuildPhase;
			buildActionMask = 2147483647;
			files = (
				607693BE176C12BB004C2323 /* main.m in Sources */,
				607693C2176C12BB004C2323 /* AppDelegate.m in Sources */,
				607693CB176C12BB004C2323 /* ViewController.m in Sources */,
			);
			runOnlyForDeploymentPostprocessing = 0;
		};
/* End PBXSourcesBuildPhase section */

/* Begin PBXVariantGroup section */
		607693BA176C12BB004C2323 /* InfoPlist.strings */ = {
			isa = PBXVariantGroup;
			children = (
				607693BB176C12BB004C2323 /* en */,
			);
			name = InfoPlist.strings;
			sourceTree = "<group>";
		};
		607693CC176C12BB004C2323 /* ViewController.xib */ = {
			isa = PBXVariantGroup;
			children = (
				607693CD176C12BB004C2323 /* en */,
			);
			name = ViewController.xib;
			sourceTree = "<group>";
		};
/* End PBXVariantGroup section */

/* Begin XCBuildConfiguration section */
		607693CF176C12BB004C2323 /* Debug */ = {
			isa = XCBuildConfiguration;
			buildSettings = {
				ALWAYS_SEARCH_USER_PATHS = NO;
				CLANG_CXX_LANGUAGE_STANDARD = "gnu++0x";
				CLANG_CXX_LIBRARY = "libc++";
				CLANG_WARN_CONSTANT_CONVERSION = YES;
				CLANG_WARN_EMPTY_BODY = YES;
				CLANG_WARN_ENUM_CONVERSION = YES;
				CLANG_WARN_INT_CONVERSION = YES;
				CLANG_WARN__DUPLICATE_METHOD_MATCH = YES;
				"CODE_SIGN_IDENTITY[sdk=iphoneos*]" = "iPhone Developer";
				COPY_PHASE_STRIP = NO;
				GCC_C_LANGUAGE_STANDARD = gnu99;
				GCC_DYNAMIC_NO_PIC = NO;
				GCC_OPTIMIZATION_LEVEL = 0;
				GCC_PREPROCESSOR_DEFINITIONS = (
					"DEBUG=1",
					"$(inherited)",
				);
				GCC_SYMBOLS_PRIVATE_EXTERN = NO;
				GCC_WARN_ABOUT_RETURN_TYPE = YES;
				GCC_WARN_UNINITIALIZED_AUTOS = YES;
				GCC_WARN_UNUSED_VARIABLE = YES;
				IPHONEOS_DEPLOYMENT_TARGET = 6.1;
				ONLY_ACTIVE_ARCH = YES;
				SDKROOT = iphoneos;
			};
			name = Debug;
		};
		607693D0176C12BB004C2323 /* Release */ = {
			isa = XCBuildConfiguration;
			buildSettings = {
				ALWAYS_SEARCH_USER_PATHS = NO;
				CLANG_CXX_LANGUAGE_STANDARD = "gnu++0x";
				CLANG_CXX_LIBRARY = "libc++";
				CLANG_WARN_CONSTANT_CONVERSION = YES;
				CLANG_WARN_EMPTY_BODY = YES;
				CLANG_WARN_ENUM_CONVERSION = YES;
				CLANG_WARN_INT_CONVERSION = YES;
				CLANG_WARN__DUPLICATE_METHOD_MATCH = YES;
				"CODE_SIGN_IDENTITY[sdk=iphoneos*]" = "iPhone Developer";
				COPY_PHASE_STRIP = YES;
				GCC_C_LANGUAGE_STANDARD = gnu99;
				GCC_WARN_ABOUT_RETURN_TYPE = YES;
				GCC_WARN_UNINITIALIZED_AUTOS = YES;
				GCC_WARN_UNUSED_VARIABLE = YES;
				IPHONEOS_DEPLOYMENT_TARGET = 6.1;
				OTHER_CFLAGS = "-DNS_BLOCK_ASSERTIONS=1";
				SDKROOT = iphoneos;
				VALIDATE_PRODUCT = YES;
			};
			name = Release;
		};
		607693D2176C12BB004C2323 /* Debug */ = {
			isa = XCBuildConfiguration;
			buildSettings = {
				GCC_PRECOMPILE_PREFIX_HEADER = YES;
				GCC_PREFIX_HEADER = "YourWeibo/YourWeibo-Prefix.pch";
				INFOPLIST_FILE = "YourWeibo/YourWeibo-Info.plist";
				PRODUCT_NAME = "$(TARGET_NAME)";
				WRAPPER_EXTENSION = app;
			};
			name = Debug;
		};
		607693D3176C12BB004C2323 /* Release */ = {
			isa = XCBuildConfiguration;
			buildSettings = {
				GCC_PRECOMPILE_PREFIX_HEADER = YES;
				GCC_PREFIX_HEADER = "YourWeibo/YourWeibo-Prefix.pch";
				INFOPLIST_FILE = "YourWeibo/YourWeibo-Info.plist";
				PRODUCT_NAME = "$(TARGET_NAME)";
				WRAPPER_EXTENSION = app;
			};
			name = Release;
		};
/* End XCBuildConfiguration section */

/* Begin XCConfigurationList section */
		607693A9176C12BA004C2323 /* Build configuration list for PBXProject "YourWeibo" */ = {
			isa = XCConfigurationList;
			buildConfigurations = (
				607693CF176C12BB004C2323 /* Debug */,
				607693D0176C12BB004C2323 /* Release */,
			);
			defaultConfigurationIsVisible = 0;
			defaultConfigurationName = Release;
		};
		607693D1176C12BB004C2323 /* Build configuration list for PBXNativeTarget "YourWeibo" */ = {
			isa = XCConfigurationList;
			buildConfigurations = (
				607693D2176C12BB004C2323 /* Debug */,
				607693D3176C12BB004C2323 /* Release */,
			);
			defaultConfigurationIsVisible = 0;
		};
/* End XCConfigurationList section */
	};
	rootObject = 607693A6176C12BA004C2323 /* Project object */;
}
